
Microsoft Visual Studio Solution File, Format Version 12.00
# Visual Studio Version 16
VisualStudioVersion = 16.0.30523.141
MinimumVisualStudioVersion = 10.0.40219.1
Project("{FAE04EC0-301F-11D3-BF4B-00C04F79EFBC}") = "VeriTabani", "VeriTabani\VeriTabani.csproj", "{5201F805-1DEF-41F4-AE09-15C1FEEA9919}"
EndProject
Global
	GlobalSection(SolutionConfigurationPlatforms) = preSolution
		Debug|Any CPU = Debug|Any CPU
		Release|Any CPU = Release|Any CPU
	EndGlobalSection
	GlobalSection(ProjectConfigurationPlatforms) = postSolution
		{5201F805-1DEF-41F4-AE09-15C1FEEA9919}.Debug|Any CPU.ActiveCfg = Debug|Any CPU
		{5201F805-1DEF-41F4-AE09-15C1FEEA9919}.Debug|Any CPU.Build.0 = Debug|Any CPU
		{5201F805-1DEF-41F4-AE09-15C1FEEA9919}.Release|Any CPU.ActiveCfg = Release|Any CPU
		{5201F805-1DEF-41F4-AE09-15C1FEEA9919}.Release|Any CPU.Build.0 = Release|Any CPU
	EndGlobalSection
	GlobalSection(SolutionProperties) = preSolution
		HideSolutionNode = FALSE
	EndGlobalSection
	GlobalSection(ExtensibilityGlobals) = postSolution
		SolutionGuid = {D5D8E37E-AEF1-4B7E-A67C-1621037F5338}
	EndGlobalSection
EndGlobal
